
Microsoft Visual Studio Solution File, Format Version 12.00
# Visual Studio Version 16
VisualStudioVersion = 16.0.31025.194
MinimumVisualStudioVersion = 10.0.40219.1
Project("{FAE04EC0-301F-11D3-BF4B-00C04F79EFBC}") = "Project-G3", "Project-G3\Project-G3.csproj", "{33ABD9AC-68C6-4DE3-BAC7-E2E3AD9DFB63}"
EndProject
Global
	GlobalSection(SolutionConfigurationPlatforms) = preSolution
		Debug|Any CPU = Debug|Any CPU
		Release|Any CPU = Release|Any CPU
	EndGlobalSection
	GlobalSection(ProjectConfigurationPlatforms) = postSolution
		{33ABD9AC-68C6-4DE3-BAC7-E2E3AD9DFB63}.Debug|Any CPU.ActiveCfg = Debug|Any CPU
		{33ABD9AC-68C6-4DE3-BAC7-E2E3AD9DFB63}.Debug|Any CPU.Build.0 = Debug|Any CPU
		{33ABD9AC-68C6-4DE3-BAC7-E2E3AD9DFB63}.Release|Any CPU.ActiveCfg = Release|Any CPU
		{33ABD9AC-68C6-4DE3-BAC7-E2E3AD9DFB63}.Release|Any CPU.Build.0 = Release|Any CPU
	EndGlobalSection
	GlobalSection(SolutionProperties) = preSolution
		HideSolutionNode = FALSE
	EndGlobalSection
	GlobalSection(ExtensibilityGlobals) = postSolution
		SolutionGuid = {99C7686E-5154-41CB-9E19-7F4BC4DAABC3}
	EndGlobalSection
EndGlobal
